
Microsoft Visual Studio Solution File, Format Version 12.00
Project("{FAE04EC0-301F-11D3-BF4B-00C04F79EFBC}") = "WebGUI", "WebGUI\WebGUI.csproj", "{B2ED2A98-B433-4D37-83F9-2A46D3145B45}"
EndProject
Project("{FAE04EC0-301F-11D3-BF4B-00C04F79EFBC}") = "Model", "Model\Model.csproj", "{AF9C8547-1748-42E9-BF25-01EF63F3CB58}"
EndProject
Project("{FAE04EC0-301F-11D3-BF4B-00C04F79EFBC}") = "Domain", "Domain\Domain.csproj", "{9CB860D1-281D-41F4-AD05-43D7033DC5C7}"
EndProject
Global
	GlobalSection(SolutionConfigurationPlatforms) = preSolution
		Debug|Any CPU = Debug|Any CPU
		Release|Any CPU = Release|Any CPU
	EndGlobalSection
	GlobalSection(ProjectConfigurationPlatforms) = postSolution
		{B2ED2A98-B433-4D37-83F9-2A46D3145B45}.Debug|Any CPU.ActiveCfg = Debug|Any CPU
		{B2ED2A98-B433-4D37-83F9-2A46D3145B45}.Debug|Any CPU.Build.0 = Debug|Any CPU
		{B2ED2A98-B433-4D37-83F9-2A46D3145B45}.Release|Any CPU.ActiveCfg = Release|Any CPU
		{B2ED2A98-B433-4D37-83F9-2A46D3145B45}.Release|Any CPU.Build.0 = Release|Any CPU
		{AF9C8547-1748-42E9-BF25-01EF63F3CB58}.Debug|Any CPU.ActiveCfg = Debug|Any CPU
		{AF9C8547-1748-42E9-BF25-01EF63F3CB58}.Debug|Any CPU.Build.0 = Debug|Any CPU
		{AF9C8547-1748-42E9-BF25-01EF63F3CB58}.Release|Any CPU.ActiveCfg = Release|Any CPU
		{AF9C8547-1748-42E9-BF25-01EF63F3CB58}.Release|Any CPU.Build.0 = Release|Any CPU
		{9CB860D1-281D-41F4-AD05-43D7033DC5C7}.Debug|Any CPU.ActiveCfg = Debug|Any CPU
		{9CB860D1-281D-41F4-AD05-43D7033DC5C7}.Debug|Any CPU.Build.0 = Debug|Any CPU
		{9CB860D1-281D-41F4-AD05-43D7033DC5C7}.Release|Any CPU.ActiveCfg = Release|Any CPU
		{9CB860D1-281D-41F4-AD05-43D7033DC5C7}.Release|Any CPU.Build.0 = Release|Any CPU
	EndGlobalSection
EndGlobal
